lockfileVersion: '9.0'

settings:
  autoInstallPeers: true
  excludeLinksFromLockfile: false

importers:

  .:
    dependencies:
      '@agentclientprotocol/codex-acp':
        specifier: 2.0.1
        version: 2.0.1

packages:

  '@agentclientprotocol/codex-acp@2.0.1':
    resolution: {integrity: sha512-P144H9s2hUVvVDDgnL1+8u7VJu1OIBxHlb81VCxIBQM/M2D0JAepMufEW7jTKK4AML0TOHL+G1t5RqEt/t1fFA==}
    hasBin: true

  '@agentclientprotocol/sdk@1.5.1':
    resolution: {integrity: sha512-nSUIrC1fOR9+ppKfx9KdwjBBND2sAPzFHo4yVQrGbXZHnayUYpwL8CDVR5LSxbapY/oKMOzNP0wvwfyx3PS2KA==}
    peerDependencies:
      zod: ^3.25.0 || ^4.0.0

  '@openai/codex-darwin-arm64@0.159.2-darwin-arm64':
    resolution: {integrity: sha512-7SPaPFU0tdqapQ5VEgrF+wb+p9dxfWfLMXMKZMRKoWPn/tLMajlMjYBBnu8o6VtaVH2DHQ6kpnp5TMkv5bqvrg==}
    engines: {node: '>=16'}
    cpu: [arm64]
    os: [darwin]
    aliasOf: '@openai/codex'

  '@openai/codex-darwin-x64@0.159.2-darwin-x64':
    resolution: {integrity: sha512-VPZGYHH2yVn8S3IuxJk38vxhBADJZp68IBL8hr4quJ2R7jM16l43TLCwRemN+1J27V/cs771fbx63aGRf5F8JA==}
    engines: {node: '>=16'}
    cpu: [x64]
    os: [darwin]
    aliasOf: '@openai/codex'

  '@openai/codex-linux-arm64@0.159.2-linux-arm64':
    resolution: {integrity: sha512-Pm0W2PnFeTEqPx+AOIwgOVB4dBtY24cuD0tx1hjCor60CbSAT7WBPZVNUINSrTCDrMndvQC67p71ZEz+gmPPkA==}
    engines: {node: '>=16'}
    cpu: [arm64]
    os: [linux]
    aliasOf: '@openai/codex'

  '@openai/codex-linux-x64@0.159.2-linux-x64':
    resolution: {integrity: sha512-RrCZ1X52wpa1lOsXtCtSyhjOFdQPh7LH5Ccv8HsKmd/2UXbUwxXFqWXFK3JzatquUNGtW/TLox5Y7qVOGkV0/Q==}
    engines: {node: '>=16'}
    cpu: [x64]
    os: [linux]
    aliasOf: '@openai/codex'

  '@openai/codex-win32-arm64@0.159.2-win32-arm64':
    resolution: {integrity: sha512-8+xM4Wj2J38ieRse9kzbMRQQc2d+kvck2Zm2+gX2sth5RXPZQ1yqYhFmevHLC8IO73syk2xiIclH0qvoc97pgg==}
    engines: {node: '>=16'}
    cpu: [arm64]
    os: [win32]
    aliasOf: '@openai/codex'

  '@openai/codex-win32-x64@0.159.2-win32-x64':
    resolution: {integrity: sha512-1ZJVTO40/ZaHPUUWc3uCX73jwzJRaDxAjRQEf37dC5Q3h1fp/Z7+1L8oX3bPlXgjhEY6kHW3rm0wz2sdQ5rxNw==}
    engines: {node: '>=16'}
    cpu: [x64]
    os: [win32]
    aliasOf: '@openai/codex'

  '@openai/codex@0.159.2':
    resolution: {integrity: sha512-SE13C3nZCYoVL569BdegoOl6vwjb7o2sXOo7ivwVzaVoY0cswwi0/6pIE0TyO/C0vIkQh3jslExitET7PBTfIg==}
    engines: {node: '>=16'}
    hasBin: true

  bundle-name@4.1.1:
    resolution: {integrity: sha512-DdH81/zPLVS11EUgWq3tEu/xn+EzljlMYooDNdzWEnFha3R3NBMpMV1UqYIpjYHV/SgpFKMIX1Oh7o06SjM/oA==}
    engines: {node: '>=18'}

  default-browser-id@5.0.1:
    resolution: {integrity: sha512-x1VCxdX4t+8wVfd1so/9w+vQ4vx7lKd2Qp5tDRutErwmR85OgmfX7RlLRMWafRMY7hbEiXIbudNrjOAPa/hL8Q==}
    engines: {node: '>=18'}

  default-browser@5.5.1:
    resolution: {integrity: sha512-m1pAzaJgZ/gssEqlOhJkPJp8Xly7QyW6xcrkUa2KKcDeDSEMP7X8xipU3snUcfisTQx0w1AGae+9UtJSfVnXGw==}
    engines: {node: '>=18'}

  define-lazy-prop@3.0.0:
    resolution: {integrity: sha512-N+MeXYoqr3pOgn8xfyRPREN7gHakLYjhsHhWGT3fWAiL4IkAt0iDw14QiiEm2bE30c5XX5q0FtAA3CK5f9/BUg==}
    engines: {node: '>=12'}

  diff@9.0.0:
    resolution: {integrity: sha512-svtcdpS8CgJyqAjEQIXdb3OjhFVVYjzGAPO8WGCmRbrml64SPw/jJD4GoE98aR7r25A0XcgrK3F02yw9R/vhQw==}
    engines: {node: '>=0.3.1'}

  is-docker@3.0.0:
    resolution: {integrity: sha512-eljcgEDlEns/7AXFosB5K/2nCM4P7FQPkGc/DWLy5rmFEWvZayGrik1d9/QIY5nJ4f9YsVvBkA6kJpHn9rISdQ==}
    engines: {node: ^12.20.0 || ^14.13.1 || >=16.0.0}
    hasBin: true

  is-in-ssh@1.0.0:
    resolution: {integrity: sha512-jYa6Q9rH90kR1vKB6NM7qqd1mge3Fx4Dhw5TVlK1MUBqhEOuCagrEHMevNuCcbECmXZ0ThXkRm+Ymr51HwEPAw==}
    engines: {node: '>=20'}

  is-inside-container@1.0.0:
    resolution: {integrity: sha512-KIYLCCJghfHZxqjYBE7rEy0OBuTd5xCHS7tHVgvCLkx7StIoaxwNW3hCALgEUjFfeRk+MG/Qxmp/vtETEF3tRA==}
    engines: {node: '>=14.16'}
    hasBin: true

  is-wsl@3.1.1:
    resolution: {integrity: sha512-e6rvdUCiQCAuumZslxRJWR/Doq4VpPR82kqclvcS0efgt430SlGIk05vdCN58+VrzgtIcfNODjozVielycD4Sw==}
    engines: {node: '>=16'}

  open@11.0.4:
    resolution: {integrity: sha512-++Zlftm0kVLPmzC06t6epuWmcRMDbI4z5P3NNX979WA/k23+NtSOynEGzsVfZwguKw2mi5umVgnBlJQMwRz4Pg==}
    engines: {node: '>=20'}

  powershell-utils@0.2.1:
    resolution: {integrity: sha512-C+y9x90UElAddDZmV4qOx9W53B61PO7cIqWz2dQsWlwswuq4mr8NEwytdGKboYbQlGZ3awrkTeNvcZiZNHnQ8A==}
    engines: {node: '>=20'}

  run-applescript@7.1.0:
    resolution: {integrity: sha512-DPe5pVFaAsinSaV6QjQ6gdiedWDcRCbUuiQfQa2wmWV7+xC9bGulGI8+TdRmoFkAPaBXk8CrAbnlY2ISniJ47Q==}
    engines: {node: '>=18'}

  vscode-jsonrpc@9.0.3:
    resolution: {integrity: sha512-qETYf9PCl1lVfwR+oBmMfc4vP2nqLNA35ABxorw3j06+xlKRgDVxbLgKm4Y/xPL0YWdeDjLoI4ImICIT3nB0zQ==}
    engines: {node: '>=14.0.0'}

  wsl-utils@1.0.1:
    resolution: {integrity: sha512-c16PKLIRxBYpR3jSWsdS7SFp0COm5SOQdiFjY818dYFHJbMGuLBszpF07LBWmOS1uzrHa9VGdynsEgoeKy0oOQ==}
    engines: {node: '>=20'}

  zod@4.6.5:
    resolution: {integrity: sha512-v5l/aFXZQeai4awLbOpSoHecE9UiMrnfx75tEXLjNonXVARxQ5mOeipTjROUchszUNCqnE+hqAMujRsRHsut2Q==}

snapshots:

  '@agentclientprotocol/codex-acp@2.0.1':
    dependencies:
      '@agentclientprotocol/sdk': 1.5.1(zod@4.6.5)
      '@openai/codex': 0.159.2
      diff: 9.0.0
      open: 11.0.4
      vscode-jsonrpc: 9.0.3
      zod: 4.6.5

  '@agentclientprotocol/sdk@1.5.1(zod@4.6.5)':
    dependencies:
      zod: 4.6.5

  '@openai/codex-darwin-arm64@0.159.2-darwin-arm64':
    optional: true

  '@openai/codex-darwin-x64@0.159.2-darwin-x64':
    optional: true

  '@openai/codex-linux-arm64@0.159.2-linux-arm64':
    optional: true

  '@openai/codex-linux-x64@0.159.2-linux-x64':
    optional: true

  '@openai/codex-win32-arm64@0.159.2-win32-arm64':
    optional: true

  '@openai/codex-win32-x64@0.159.2-win32-x64':
    optional: true

  '@openai/codex@0.159.2':
    optionalDependencies:
      '@openai/codex-darwin-arm64': 0.159.2-darwin-arm64
      '@openai/codex-darwin-x64': 0.159.2-darwin-x64
      '@openai/codex-linux-arm64': 0.159.2-linux-arm64
      '@openai/codex-linux-x64': 0.159.2-linux-x64
      '@openai/codex-win32-arm64': 0.159.2-win32-arm64
      '@openai/codex-win32-x64': 0.159.2-win32-x64

  bundle-name@4.1.1:
    dependencies:
      run-applescript: 7.1.0

  default-browser-id@5.0.1: {}

  default-browser@5.5.1:
    dependencies:
      bundle-name: 4.1.1
      default-browser-id: 5.0.1

  define-lazy-prop@3.0.0: {}

  diff@9.0.0: {}

  is-docker@3.0.0: {}

  is-in-ssh@1.0.0: {}

  is-inside-container@1.0.0:
    dependencies:
      is-docker: 3.0.0

  is-wsl@3.1.1:
    dependencies:
      is-inside-container: 1.0.0

  open@11.0.4:
    dependencies:
      default-browser: 5.5.1
      define-lazy-prop: 3.0.0
      is-in-ssh: 1.0.0
      is-inside-container: 1.0.0
      powershell-utils: 0.2.1
      wsl-utils: 1.0.1

  powershell-utils@0.2.1: {}

  run-applescript@7.1.0: {}

  vscode-jsonrpc@9.0.3: {}

  wsl-utils@1.0.1:
    dependencies:
      is-wsl: 3.1.1
      powershell-utils: 0.2.1

  zod@4.6.5: {}
