lockfileVersion: '9.0'

settings:
  autoInstallPeers: true
  excludeLinksFromLockfile: false

importers:

  .:
    dependencies:
      pi-acp:
        specifier: 0.0.33
        version: 0.0.33

packages:

  '@agentclientprotocol/sdk@0.26.0':
    resolution: {integrity: sha512-ialrcI+RzKOYe+fw+TfpyTdRmEoqIkXLlwbTi6XgaXXfdhNcdod7TmE1VsTnG3yTlox8TMTSMQgWbLLbz3r86Q==}
    peerDependencies:
      zod: ^3.25.0 || ^4.0.0

  pi-acp@0.0.33:
    resolution: {integrity: sha512-vX9kY1tK14E72G4dBAx+RGCk/k7XPjTHls6dLUxA8WSkBav6B6JHuSBv3eusp50LCR/GTRsR2kIKsG0Z5jANzw==}
    engines: {node: '>=20'}
    hasBin: true

  zod@3.25.76:
    resolution: {integrity: sha512-gzUt/qt81nXsFGKIFcC3YnfEAx5NkunCfnDlvuBSSFS02bcXu4Lmea0AFIUwbLWxWPx3d9p8S5QoaujKcNQxcQ==}

snapshots:

  '@agentclientprotocol/sdk@0.26.0(zod@3.25.76)':
    dependencies:
      zod: 3.25.76

  pi-acp@0.0.33:
    dependencies:
      '@agentclientprotocol/sdk': 0.26.0(zod@3.25.76)
      zod: 3.25.76

  zod@3.25.76: {}
